
Microsoft Visual Studio Solution File, Format Version 11.00
# Visual Studio 2010
Project("{FAE04EC0-301F-11D3-BF4B-00C04F79EFBC}") = "Project Amber", "Assembly-CSharp.csproj", "{68208EE7-1E16-F865-4CFE-A66F912CE7B5}"
EndProject
Project("{FAE04EC0-301F-11D3-BF4B-00C04F79EFBC}") = "Project Amber", "Assembly-CSharp-Editor.csproj", "{F37B470C-718F-C7C5-6F1E-D6F79A9DA3BA}"
EndProject
Global
	GlobalSection(SolutionConfigurationPlatforms) = preSolution
		Debug|Any CPU = Debug|Any CPU
		Release|Any CPU = Release|Any CPU
	EndGlobalSection
	GlobalSection(ProjectConfigurationPlatforms) = postSolution
		{68208EE7-1E16-F865-4CFE-A66F912CE7B5}.Debug|Any CPU.ActiveCfg = Debug|Any CPU
		{68208EE7-1E16-F865-4CFE-A66F912CE7B5}.Debug|Any CPU.Build.0 = Debug|Any CPU
		{68208EE7-1E16-F865-4CFE-A66F912CE7B5}.Release|Any CPU.ActiveCfg = Release|Any CPU
		{68208EE7-1E16-F865-4CFE-A66F912CE7B5}.Release|Any CPU.Build.0 = Release|Any CPU
		{F37B470C-718F-C7C5-6F1E-D6F79A9DA3BA}.Debug|Any CPU.ActiveCfg = Debug|Any CPU
		{F37B470C-718F-C7C5-6F1E-D6F79A9DA3BA}.Debug|Any CPU.Build.0 = Debug|Any CPU
		{F37B470C-718F-C7C5-6F1E-D6F79A9DA3BA}.Release|Any CPU.ActiveCfg = Release|Any CPU
		{F37B470C-718F-C7C5-6F1E-D6F79A9DA3BA}.Release|Any CPU.Build.0 = Release|Any CPU
	EndGlobalSection
	GlobalSection(SolutionProperties) = preSolution
		HideSolutionNode = FALSE
	EndGlobalSection
	GlobalSection(MonoDevelopProperties) = preSolution
		StartupItem = Assembly-CSharp.csproj
	EndGlobalSection
EndGlobal
