
Microsoft Visual Studio Solution File, Format Version 12.00
# Visual Studio 2017
Project("{FAE04EC0-301F-11D3-BF4B-00C04F79EFBC}") = "Project Amber", "Project Amber.csproj", "{37DD2B62-B015-430F-EA62-B86EFAB08068}"
EndProject
Project("{FAE04EC0-301F-11D3-BF4B-00C04F79EFBC}") = "Project Amber.Plugins", "Project Amber.Plugins.csproj", "{AD2ADDEA-BC12-3B63-05E9-27B96BF51EC6}"
EndProject
Project("{FAE04EC0-301F-11D3-BF4B-00C04F79EFBC}") = "Project Amber.Editor", "Project Amber.Editor.csproj", "{90296BB5-2AA6-6584-8906-B7F243C20A15}"
EndProject
Global
	GlobalSection(SolutionConfigurationPlatforms) = preSolution
		Debug|Any CPU = Debug|Any CPU
		Release|Any CPU = Release|Any CPU
	EndGlobalSection
	GlobalSection(ProjectConfigurationPlatforms) = postSolution
		{37DD2B62-B015-430F-EA62-B86EFAB08068}.Debug|Any CPU.ActiveCfg = Debug|Any CPU
		{37DD2B62-B015-430F-EA62-B86EFAB08068}.Debug|Any CPU.Build.0 = Debug|Any CPU
		{37DD2B62-B015-430F-EA62-B86EFAB08068}.Release|Any CPU.ActiveCfg = Release|Any CPU
		{37DD2B62-B015-430F-EA62-B86EFAB08068}.Release|Any CPU.Build.0 = Release|Any CPU
		{AD2ADDEA-BC12-3B63-05E9-27B96BF51EC6}.Debug|Any CPU.ActiveCfg = Debug|Any CPU
		{AD2ADDEA-BC12-3B63-05E9-27B96BF51EC6}.Debug|Any CPU.Build.0 = Debug|Any CPU
		{AD2ADDEA-BC12-3B63-05E9-27B96BF51EC6}.Release|Any CPU.ActiveCfg = Release|Any CPU
		{AD2ADDEA-BC12-3B63-05E9-27B96BF51EC6}.Release|Any CPU.Build.0 = Release|Any CPU
		{90296BB5-2AA6-6584-8906-B7F243C20A15}.Debug|Any CPU.ActiveCfg = Debug|Any CPU
		{90296BB5-2AA6-6584-8906-B7F243C20A15}.Debug|Any CPU.Build.0 = Debug|Any CPU
		{90296BB5-2AA6-6584-8906-B7F243C20A15}.Release|Any CPU.ActiveCfg = Release|Any CPU
		{90296BB5-2AA6-6584-8906-B7F243C20A15}.Release|Any CPU.Build.0 = Release|Any CPU
	EndGlobalSection
	GlobalSection(SolutionProperties) = preSolution
		HideSolutionNode = FALSE
	EndGlobalSection
EndGlobal
