
Microsoft Visual Studio Solution File, Format Version 12.00
# Visual Studio 2015
Project("{FAE04EC0-301F-11D3-BF4B-00C04F79EFBC}") = "Project Amber.CSharp", "Project Amber.CSharp.csproj", "{895E6D64-39F4-3285-9D70-155A49B95DF1}"
EndProject
Project("{FAE04EC0-301F-11D3-BF4B-00C04F79EFBC}") = "Project Amber.CSharp.Editor", "Project Amber.CSharp.Editor.csproj", "{AF432193-1221-3B59-F184-A918EADA4348}"
EndProject
Global
	GlobalSection(SolutionConfigurationPlatforms) = preSolution
		Debug|Any CPU = Debug|Any CPU
		Release|Any CPU = Release|Any CPU
	EndGlobalSection
	GlobalSection(ProjectConfigurationPlatforms) = postSolution
		{895E6D64-39F4-3285-9D70-155A49B95DF1}.Debug|Any CPU.ActiveCfg = Debug|Any CPU
		{895E6D64-39F4-3285-9D70-155A49B95DF1}.Debug|Any CPU.Build.0 = Debug|Any CPU
		{895E6D64-39F4-3285-9D70-155A49B95DF1}.Release|Any CPU.ActiveCfg = Release|Any CPU
		{895E6D64-39F4-3285-9D70-155A49B95DF1}.Release|Any CPU.Build.0 = Release|Any CPU
		{AF432193-1221-3B59-F184-A918EADA4348}.Debug|Any CPU.ActiveCfg = Debug|Any CPU
		{AF432193-1221-3B59-F184-A918EADA4348}.Debug|Any CPU.Build.0 = Debug|Any CPU
		{AF432193-1221-3B59-F184-A918EADA4348}.Release|Any CPU.ActiveCfg = Release|Any CPU
		{AF432193-1221-3B59-F184-A918EADA4348}.Release|Any CPU.Build.0 = Release|Any CPU
	EndGlobalSection
	GlobalSection(SolutionProperties) = preSolution
		HideSolutionNode = FALSE
	EndGlobalSection
EndGlobal
